
Microsoft Visual Studio Solution File, Format Version 12.00
# Visual Studio Version 17
VisualStudioVersion = 17.7.34202.233
MinimumVisualStudioVersion = 10.0.40219.1
Project("{FAE04EC0-301F-11D3-BF4B-00C04F79EFBC}") = "FileEncrypter", "FileEncrypter\FileEncrypter.csproj", "{6AD766C6-8DA9-43FB-B14D-44FE6518F754}"
EndProject
Global
	GlobalSection(SolutionConfigurationPlatforms) = preSolution
		Debug|Any CPU = Debug|Any CPU
		Release|Any CPU = Release|Any CPU
	EndGlobalSection
	GlobalSection(ProjectConfigurationPlatforms) = postSolution
		{6AD766C6-8DA9-43FB-B14D-44FE6518F754}.Debug|Any CPU.ActiveCfg = Debug|Any CPU
		{6AD766C6-8DA9-43FB-B14D-44FE6518F754}.Debug|Any CPU.Build.0 = Debug|Any CPU
		{6AD766C6-8DA9-43FB-B14D-44FE6518F754}.Release|Any CPU.ActiveCfg = Release|Any CPU
		{6AD766C6-8DA9-43FB-B14D-44FE6518F754}.Release|Any CPU.Build.0 = Release|Any CPU
	EndGlobalSection
	GlobalSection(SolutionProperties) = preSolution
		HideSolutionNode = FALSE
	EndGlobalSection
	GlobalSection(ExtensibilityGlobals) = postSolution
		SolutionGuid = {87894E35-5CE7-4B8E-AF13-C8C39C6049F6}
	EndGlobalSection
EndGlobal
